# This file is generated by running "yarn install" inside your project.
# Manual changes might be lost - proceed with caution!

__metadata:
  version: 6
  cacheKey: 8

"@socket.io/component-emitter@npm:~3.1.0":
  version: 3.1.0
  resolution: "@socket.io/component-emitter@npm:3.1.0"
  checksum: db069d95425b419de1514dffe945cc439795f6a8ef5b9465715acf5b8b50798e2c91b8719cbf5434b3fe7de179d6cdcd503c277b7871cb3dd03febb69bdd50fa
  languageName: node
  linkType: hard

"@types/cookie@npm:^0.4.1":
  version: 0.4.1
  resolution: "@types/cookie@npm:0.4.1"
  checksum: 3275534ed69a76c68eb1a77d547d75f99fedc80befb75a3d1d03662fb08d697e6f8b1274e12af1a74c6896071b11510631ba891f64d30c78528d0ec45a9c1a18
  languageName: node
  linkType: hard

"@types/cors@npm:^2.8.12":
  version: 2.8.12
  resolution: "@types/cors@npm:2.8.12"
  checksum: 8c45f112c7d1d2d831b4b266f2e6ed33a1887a35dcbfe2a18b28370751fababb7cd045e745ef84a523c33a25932678097bf79afaa367c6cb3fa0daa7a6438257
  languageName: node
  linkType: hard

"@types/node@npm:>=10.0.0":
  version: 18.11.3
  resolution: "@types/node@npm:18.11.3"
  checksum: 3a2a9142d891a90a195c296149bf64a69cc0abcc42f543be911ab22b2e0ead85ff077f90af92f0f13f6e3e5e72501469200fd753dfd1101825d4646a89d3ee47
  languageName: node
  linkType: hard

"accepts@npm:~1.3.4":
  version: 1.3.8
  resolution: "accepts@npm:1.3.8"
  dependencies:
    mime-types: ~2.1.34
    negotiator: 0.6.3
  checksum: 50c43d32e7b50285ebe84b613ee4a3aa426715a7d131b65b786e2ead0fd76b6b60091b9916d3478a75f11f162628a2139991b6c03ab3f1d9ab7c86075dc8eab4
  languageName: node
  linkType: hard

"base64id@npm:2.0.0, base64id@npm:~2.0.0":
  version: 2.0.0
  resolution: "base64id@npm:2.0.0"
  checksum: 581b1d37e6cf3738b7ccdd4d14fe2bfc5c238e696e2720ee6c44c183b838655842e22034e53ffd783f872a539915c51b0d4728a49c7cc678ac5a758e00d62168
  languageName: node
  linkType: hard

"cookie@npm:~0.4.1":
  version: 0.4.2
  resolution: "cookie@npm:0.4.2"
  checksum: a00833c998bedf8e787b4c342defe5fa419abd96b32f4464f718b91022586b8f1bafbddd499288e75c037642493c83083da426c6a9080d309e3bd90fd11baa9b
  languageName: node
  linkType: hard

"cors@npm:~2.8.5":
  version: 2.8.5
  resolution: "cors@npm:2.8.5"
  dependencies:
    object-assign: ^4
    vary: ^1
  checksum: ced838404ccd184f61ab4fdc5847035b681c90db7ac17e428f3d81d69e2989d2b680cc254da0e2554f5ed4f8a341820a1ce3d1c16b499f6e2f47a1b9b07b5006
  languageName: node
  linkType: hard

"debug@npm:~4.3.1, debug@npm:~4.3.2":
  version: 4.3.4
  resolution: "debug@npm:4.3.4"
  dependencies:
    ms: 2.1.2
  peerDependenciesMeta:
    supports-color:
      optional: true
  checksum: 3dbad3f94ea64f34431a9cbf0bafb61853eda57bff2880036153438f50fb5a84f27683ba0d8e5426bf41a8c6ff03879488120cf5b3a761e77953169c0600a708
  languageName: node
  linkType: hard

"engine.io-parser@npm:~5.0.3":
  version: 5.0.4
  resolution: "engine.io-parser@npm:5.0.4"
  checksum: d4ad0cef6ff63c350e35696da9bb3dbd180f67b56e93e90375010cc40393e6c0639b780d5680807e1d93a7e2e3d7b4a1c3b27cf75db28eb8cbf605bc1497da03
  languageName: node
  linkType: hard

"engine.io@npm:~6.2.0":
  version: 6.2.0
  resolution: "engine.io@npm:6.2.0"
  dependencies:
    "@types/cookie": ^0.4.1
    "@types/cors": ^2.8.12
    "@types/node": ">=10.0.0"
    accepts: ~1.3.4
    base64id: 2.0.0
    cookie: ~0.4.1
    cors: ~2.8.5
    debug: ~4.3.1
    engine.io-parser: ~5.0.3
    ws: ~8.2.3
  checksum: cc485c5ba2e0c4f6ca02dcafd192b22f9dad89d01dc815005298780d3fb910db4cebab4696e8615290c473c2eeb259e8bee2a1fb7ab594d9c80f9f3485771911
  languageName: node
  linkType: hard

"mime-db@npm:1.52.0":
  version: 1.52.0
  resolution: "mime-db@npm:1.52.0"
  checksum: 0d99a03585f8b39d68182803b12ac601d9c01abfa28ec56204fa330bc9f3d1c5e14beb049bafadb3dbdf646dfb94b87e24d4ec7b31b7279ef906a8ea9b6a513f
  languageName: node
  linkType: hard

"mime-types@npm:~2.1.34":
  version: 2.1.35
  resolution: "mime-types@npm:2.1.35"
  dependencies:
    mime-db: 1.52.0
  checksum: 89a5b7f1def9f3af5dad6496c5ed50191ae4331cc5389d7c521c8ad28d5fdad2d06fd81baf38fed813dc4e46bb55c8145bb0ff406330818c9cf712fb2e9b3836
  languageName: node
  linkType: hard

"ms@npm:2.1.2":
  version: 2.1.2
  resolution: "ms@npm:2.1.2"
  checksum: 673cdb2c3133eb050c745908d8ce632ed2c02d85640e2edb3ace856a2266a813b30c613569bf3354fdf4ea7d1a1494add3bfa95e2713baa27d0c2c71fc44f58f
  languageName: node
  linkType: hard

"negotiator@npm:0.6.3":
  version: 0.6.3
  resolution: "negotiator@npm:0.6.3"
  checksum: b8ffeb1e262eff7968fc90a2b6767b04cfd9842582a9d0ece0af7049537266e7b2506dfb1d107a32f06dd849ab2aea834d5830f7f4d0e5cb7d36e1ae55d021d9
  languageName: node
  linkType: hard

"object-assign@npm:^4":
  version: 4.1.1
  resolution: "object-assign@npm:4.1.1"
  checksum: fcc6e4ea8c7fe48abfbb552578b1c53e0d194086e2e6bbbf59e0a536381a292f39943c6e9628af05b5528aa5e3318bb30d6b2e53cadaf5b8fe9e12c4b69af23f
  languageName: node
  linkType: hard

"rsp-server@workspace:.":
  version: 0.0.0-use.local
  resolution: "rsp-server@workspace:."
  dependencies:
    socket.io: ^4.5.3
  languageName: unknown
  linkType: soft

"socket.io-adapter@npm:~2.4.0":
  version: 2.4.0
  resolution: "socket.io-adapter@npm:2.4.0"
  checksum: a84639946dce13547b95f6e09fe167cdcd5d80941afc2e46790cc23384e0fd3c901e690ecc9bdd600939ce6292261ee15094a0b486f797ed621cfc8783d87a0c
  languageName: node
  linkType: hard

"socket.io-parser@npm:~4.2.0":
  version: 4.2.1
  resolution: "socket.io-parser@npm:4.2.1"
  dependencies:
    "@socket.io/component-emitter": ~3.1.0
    debug: ~4.3.1
  checksum: 2582202f22538d7e6b4436991378cb4cea3b2f8219cda24923ae35afd291ab5ad6120e7d093e41738256b6c6ad10c667dd25753c2d9a2340fead04e9286f152d
  languageName: node
  linkType: hard

"socket.io@npm:^4.5.3":
  version: 4.5.3
  resolution: "socket.io@npm:4.5.3"
  dependencies:
    accepts: ~1.3.4
    base64id: ~2.0.0
    debug: ~4.3.2
    engine.io: ~6.2.0
    socket.io-adapter: ~2.4.0
    socket.io-parser: ~4.2.0
  checksum: 2a7e4c64bbebb444d211bc66fb8356c14dd0fd4138d31e1781db03fa5a731a3abb7b305fa32cb6c7b57e5ac788601583aad14bea6ff9b8c4ca7b74118ba55f66
  languageName: node
  linkType: hard

"vary@npm:^1":
  version: 1.1.2
  resolution: "vary@npm:1.1.2"
  checksum: ae0123222c6df65b437669d63dfa8c36cee20a504101b2fcd97b8bf76f91259c17f9f2b4d70a1e3c6bbcee7f51b28392833adb6b2770b23b01abec84e369660b
  languageName: node
  linkType: hard

"ws@npm:~8.2.3":
  version: 8.2.3
  resolution: "ws@npm:8.2.3"
  peerDependencies:
    bufferutil: ^4.0.1
    utf-8-validate: ^5.0.2
  peerDependenciesMeta:
    bufferutil:
      optional: true
    utf-8-validate:
      optional: true
  checksum: c869296ccb45f218ac6d32f8f614cd85b50a21fd434caf11646008eef92173be53490810c5c23aea31bc527902261fbfd7b062197eea341b26128d4be56a85e4
  languageName: node
  linkType: hard
